// !$*UTF8*$!
{
	archiveVersion = 1;
	classes = {
	};
	objectVersion = 55;
	objects = {

/* Begin PBXBuildFile section */
		4B70683127893A4E006BB008 /* AppDelegate.swift in Sources */ = {isa = PBXBuildFile; fileRef = 4B70683027893A4E006BB008 /* AppDelegate.swift */; };
		4B70683327893A4E006BB008 /* SceneDelegate.swift in Sources */ = {isa = PBXBuildFile; fileRef = 4B70683227893A4E006BB008 /* SceneDelegate.swift */; };
		4B70683827893A4E006BB008 /* Main.storyboard in Resources */ = {isa = PBXBuildFile; fileRef = 4B70683627893A4E006BB008 /* Main.storyboard */; };
		4B70683A27893A4F006BB008 /* Assets.xcassets in Resources */ = {isa = PBXBuildFile; fileRef = 4B70683927893A4F006BB008 /* Assets.xcassets */; };
		4B70683D27893A4F006BB008 /* LaunchScreen.storyboard in Resources */ = {isa = PBXBuildFile; fileRef = 4B70683B27893A4F006BB008 /* LaunchScreen.storyboard */; };
		4B70A6D32789406F006EB01A /* HomeViewController.swift in Sources */ = {isa = PBXBuildFile; fileRef = 4B70A6D22789406F006EB01A /* HomeViewController.swift */; };
		4B70A6D527895C3E006EB01A /* firstHomeViewController.swift in Sources */ = {isa = PBXBuildFile; fileRef = 4B70A6D427895C3E006EB01A /* firstHomeViewController.swift */; };
		4B70A6D727895C48006EB01A /* secondHomeViewController.swift in Sources */ = {isa = PBXBuildFile; fileRef = 4B70A6D627895C48006EB01A /* secondHomeViewController.swift */; };
		4B70A6D927895C53006EB01A /* thirdHomeViewController.swift in Sources */ = {isa = PBXBuildFile; fileRef = 4B70A6D827895C53006EB01A /* thirdHomeViewController.swift */; };
		4B70A6DB27895C60006EB01A /* firthHomeViewController.swift in Sources */ = {isa = PBXBuildFile; fileRef = 4B70A6DA27895C60006EB01A /* firthHomeViewController.swift */; };
		4B70A6DD27895C7B006EB01A /* fifthHomeViewController.swift in Sources */ = {isa = PBXBuildFile; fileRef = 4B70A6DC27895C7B006EB01A /* fifthHomeViewController.swift */; };
		4B70A6E327897630006EB01A /* categoryViewController.swift in Sources */ = {isa = PBXBuildFile; fileRef = 4B70A6E227897630006EB01A /* categoryViewController.swift */; };
		4B70A6E627897841006EB01A /* searchViewController.swift in Sources */ = {isa = PBXBuildFile; fileRef = 4B70A6E527897841006EB01A /* searchViewController.swift */; };
		4B70A6E9278978CB006EB01A /* myKurlyViewController.swift in Sources */ = {isa = PBXBuildFile; fileRef = 4B70A6E8278978CB006EB01A /* myKurlyViewController.swift */; };
		4B70A6F12789C6AE006EB01A /* CategoryList.swift in Sources */ = {isa = PBXBuildFile; fileRef = 4B70A6F02789C6AE006EB01A /* CategoryList.swift */; };
		4B70A6F72789CC70006EB01A /* CategoryCollectionInfo.swift in Sources */ = {isa = PBXBuildFile; fileRef = 4B70A6F62789CC70006EB01A /* CategoryCollectionInfo.swift */; };
		4B70A6F92789CF26006EB01A /* CategoryColletionModel.swift in Sources */ = {isa = PBXBuildFile; fileRef = 4B70A6F82789CF25006EB01A /* CategoryColletionModel.swift */; };
		4B70A6FC278B1550006EB01A /* categoryTableViewCell.swift in Sources */ = {isa = PBXBuildFile; fileRef = 4B70A6FA278B1550006EB01A /* categoryTableViewCell.swift */; };
		4B70A6FD278B1550006EB01A /* categoryTableViewCell.xib in Resources */ = {isa = PBXBuildFile; fileRef = 4B70A6FB278B1550006EB01A /* categoryTableViewCell.xib */; };
		4B70A700278B1EBC006EB01A /* logInViewController.swift in Sources */ = {isa = PBXBuildFile; fileRef = 4B70A6FF278B1EBC006EB01A /* logInViewController.swift */; };
		4B70A702278B230A006EB01A /* makeIdViewController.swift in Sources */ = {isa = PBXBuildFile; fileRef = 4B70A701278B230A006EB01A /* makeIdViewController.swift */; };
		4B807FA4278C233C009650C0 /* benefitTableViewCell.swift in Sources */ = {isa = PBXBuildFile; fileRef = 4B807FA2278C233C009650C0 /* benefitTableViewCell.swift */; };
		4B807FA5278C233C009650C0 /* benefitTableViewCell.xib in Resources */ = {isa = PBXBuildFile; fileRef = 4B807FA3278C233C009650C0 /* benefitTableViewCell.xib */; };
		4B807FA7278C2746009650C0 /* detailViewController.swift in Sources */ = {isa = PBXBuildFile; fileRef = 4B807FA6278C2746009650C0 /* detailViewController.swift */; };
		4B807FAA278C5CE6009650C0 /* bannerTableViewCell.swift in Sources */ = {isa = PBXBuildFile; fileRef = 4B807FA8278C5CE6009650C0 /* bannerTableViewCell.swift */; };
		4B807FAB278C5CE6009650C0 /* bannerTableViewCell.xib in Resources */ = {isa = PBXBuildFile; fileRef = 4B807FA9278C5CE6009650C0 /* bannerTableViewCell.xib */; };
		4B807FAE278C5D83009650C0 /* kurlyRecommandTableViewCell.swift in Sources */ = {isa = PBXBuildFile; fileRef = 4B807FAC278C5D83009650C0 /* kurlyRecommandTableViewCell.swift */; };
		4B807FAF278C5D83009650C0 /* kurlyRecommandTableViewCell.xib in Resources */ = {isa = PBXBuildFile; fileRef = 4B807FAD278C5D83009650C0 /* kurlyRecommandTableViewCell.xib */; };
		4B807FB2278C5E65009650C0 /* productCollectionViewCell.swift in Sources */ = {isa = PBXBuildFile; fileRef = 4B807FB0278C5E65009650C0 /* productCollectionViewCell.swift */; };
		4B807FB3278C5E65009650C0 /* productCollectionViewCell.xib in Resources */ = {isa = PBXBuildFile; fileRef = 4B807FB1278C5E65009650C0 /* productCollectionViewCell.xib */; };
		4BBAED5A278D9F470063FFDA /* eventSearchTableViewCell.swift in Sources */ = {isa = PBXBuildFile; fileRef = 4BBAED58278D9F470063FFDA /* eventSearchTableViewCell.swift */; };
		4BBAED5B278D9F470063FFDA /* eventSearchTableViewCell.xib in Resources */ = {isa = PBXBuildFile; fileRef = 4BBAED59278D9F470063FFDA /* eventSearchTableViewCell.xib */; };
		4BBAED5E278DA2050063FFDA /* recommandSearchTableViewCell.swift in Sources */ = {isa = PBXBuildFile; fileRef = 4BBAED5C278DA2050063FFDA /* recommandSearchTableViewCell.swift */; };
		4BBAED5F278DA2050063FFDA /* recommandSearchTableViewCell.xib in Resources */ = {isa = PBXBuildFile; fileRef = 4BBAED5D278DA2050063FFDA /* recommandSearchTableViewCell.xib */; };
		4BBAED62278DA70A0063FFDA /* recentUpTableViewCell.swift in Sources */ = {isa = PBXBuildFile; fileRef = 4BBAED60278DA70A0063FFDA /* recentUpTableViewCell.swift */; };
		4BBAED63278DA70A0063FFDA /* recentUpTableViewCell.xib in Resources */ = {isa = PBXBuildFile; fileRef = 4BBAED61278DA70A0063FFDA /* recentUpTableViewCell.xib */; };
		4BBAED66278DA7E00063FFDA /* recentUpSubTableViewCell.swift in Sources */ = {isa = PBXBuildFile; fileRef = 4BBAED64278DA7E00063FFDA /* recentUpSubTableViewCell.swift */; };
		4BBAED67278DA7E00063FFDA /* recentUpSubTableViewCell.xib in Resources */ = {isa = PBXBuildFile; fileRef = 4BBAED65278DA7E00063FFDA /* recentUpSubTableViewCell.xib */; };
		4BBAED6C278ED8D40063FFDA /* cartViewController.swift in Sources */ = {isa = PBXBuildFile; fileRef = 4BBAED6B278ED8D40063FFDA /* cartViewController.swift */; };
		4BBAED6F278EE9260063FFDA /* productViewController.swift in Sources */ = {isa = PBXBuildFile; fileRef = 4BBAED6E278EE9260063FFDA /* productViewController.swift */; };
		4BBAED71278EE9BA0063FFDA /* productExplainViewController.swift in Sources */ = {isa = PBXBuildFile; fileRef = 4BBAED70278EE9BA0063FFDA /* productExplainViewController.swift */; };
		4BBAED73278EE9C90063FFDA /* productDetailViewController.swift in Sources */ = {isa = PBXBuildFile; fileRef = 4BBAED72278EE9C90063FFDA /* productDetailViewController.swift */; };
		4BBAED75278EE9D10063FFDA /* reviewViewController.swift in Sources */ = {isa = PBXBuildFile; fileRef = 4BBAED74278EE9D10063FFDA /* reviewViewController.swift */; };
		4BBAED77278EE9E50063FFDA /* askViewController.swift in Sources */ = {isa = PBXBuildFile; fileRef = 4BBAED76278EE9E50063FFDA /* askViewController.swift */; };
		4BBAED7A278EFD350063FFDA /* LoginResponse.swift in Sources */ = {isa = PBXBuildFile; fileRef = 4BBAED79278EFD350063FFDA /* LoginResponse.swift */; };
		4BBAED7C278EFDE50063FFDA /* LoginRequest.swift in Sources */ = {isa = PBXBuildFile; fileRef = 4BBAED7B278EFDE50063FFDA /* LoginRequest.swift */; };
		4BBAED7F278EFE330063FFDA /* LogInDataManager.swift in Sources */ = {isa = PBXBuildFile; fileRef = 4BBAED7E278EFE330063FFDA /* LogInDataManager.swift */; };
		4BBAED82278F08C70063FFDA /* SignInRequest.swift in Sources */ = {isa = PBXBuildFile; fileRef = 4BBAED81278F08C70063FFDA /* SignInRequest.swift */; };
		4BBAED87278F08EC0063FFDA /* SignInDataManager.swift in Sources */ = {isa = PBXBuildFile; fileRef = 4BBAED86278F08EC0063FFDA /* SignInDataManager.swift */; };
		4BBAED8B278F0BFA0063FFDA /* SignInResponse.swift in Sources */ = {isa = PBXBuildFile; fileRef = 4BBAED8A278F0BFA0063FFDA /* SignInResponse.swift */; };
		4BBAED8D278FE36E0063FFDA /* Constant.swift in Sources */ = {isa = PBXBuildFile; fileRef = 4BBAED8C278FE36E0063FFDA /* Constant.swift */; };
		4BBAED8F278FE88F0063FFDA /* LoginState.swift in Sources */ = {isa = PBXBuildFile; fileRef = 4BBAED8E278FE88F0063FFDA /* LoginState.swift */; };
		4BBAED93279045A70063FFDA /* CheckIdResponse.swift in Sources */ = {isa = PBXBuildFile; fileRef = 4BBAED92279045A70063FFDA /* CheckIdResponse.swift */; };
		4BBAED95279045E70063FFDA /* CheckIdDataManager.swift in Sources */ = {isa = PBXBuildFile; fileRef = 4BBAED94279045E70063FFDA /* CheckIdDataManager.swift */; };
		4BBAED97279189AA0063FFDA /* CheckPhoneResponse.swift in Sources */ = {isa = PBXBuildFile; fileRef = 4BBAED96279189AA0063FFDA /* CheckPhoneResponse.swift */; };
		4BBAED99279189B90063FFDA /* CheckPhoneDataManager.swift in Sources */ = {isa = PBXBuildFile; fileRef = 4BBAED98279189B90063FFDA /* CheckPhoneDataManager.swift */; };
		4BBAED9C279190740063FFDA /* LoadUserInfoResponse.swift in Sources */ = {isa = PBXBuildFile; fileRef = 4BBAED9B279190740063FFDA /* LoadUserInfoResponse.swift */; };
		4BBAED9E279190880063FFDA /* LoadUserInfoDataManger.swift in Sources */ = {isa = PBXBuildFile; fileRef = 4BBAED9D279190880063FFDA /* LoadUserInfoDataManger.swift */; };
		4BBAEDA12792F12E0063FFDA /* LoadProductInfoResponse.swift in Sources */ = {isa = PBXBuildFile; fileRef = 4BBAEDA02792F12E0063FFDA /* LoadProductInfoResponse.swift */; };
		4BBAEDA32792F1410063FFDA /* LoadProductInfoDataManager.swift in Sources */ = {isa = PBXBuildFile; fileRef = 4BBAEDA22792F1410063FFDA /* LoadProductInfoDataManager.swift */; };
		4BBAEDA6279301D50063FFDA /* LogInPageCellTitleInfo.swift in Sources */ = {isa = PBXBuildFile; fileRef = 4BBAEDA5279301D50063FFDA /* LogInPageCellTitleInfo.swift */; };
		4BBAEDA9279304190063FFDA /* myKurlyListTableViewCell.swift in Sources */ = {isa = PBXBuildFile; fileRef = 4BBAEDA7279304190063FFDA /* myKurlyListTableViewCell.swift */; };
		4BBAEDAA279304190063FFDA /* myKurlyListTableViewCell.xib in Resources */ = {isa = PBXBuildFile; fileRef = 4BBAEDA8279304190063FFDA /* myKurlyListTableViewCell.xib */; };
		4BBAEDAE2793095C0063FFDA /* logInedTableViewCell.swift in Sources */ = {isa = PBXBuildFile; fileRef = 4BBAEDAC2793095C0063FFDA /* logInedTableViewCell.swift */; };
		4BBAEDAF2793095C0063FFDA /* logInedTableViewCell.xib in Resources */ = {isa = PBXBuildFile; fileRef = 4BBAEDAD2793095C0063FFDA /* logInedTableViewCell.xib */; };
		4BBAEDB7279444D60063FFDA /* questionTableViewCell.swift in Sources */ = {isa = PBXBuildFile; fileRef = 4BBAEDB5279444D60063FFDA /* questionTableViewCell.swift */; };
		4BBAEDB8279444D60063FFDA /* questionTableViewCell.xib in Resources */ = {isa = PBXBuildFile; fileRef = 4BBAEDB6279444D60063FFDA /* questionTableViewCell.xib */; };
		4BBAEDC027944F0C0063FFDA /* questionTableViewTableViewCell.swift in Sources */ = {isa = PBXBuildFile; fileRef = 4BBAEDBE27944F0C0063FFDA /* questionTableViewTableViewCell.swift */; };
		4BBAEDC127944F0C0063FFDA /* questionTableViewTableViewCell.xib in Resources */ = {isa = PBXBuildFile; fileRef = 4BBAEDBF27944F0C0063FFDA /* questionTableViewTableViewCell.xib */; };
		4BBAEDC42794514A0063FFDA /* productReviewOneTableViewCell.swift in Sources */ = {isa = PBXBuildFile; fileRef = 4BBAEDC22794514A0063FFDA /* productReviewOneTableViewCell.swift */; };
		4BBAEDC52794514A0063FFDA /* productReviewOneTableViewCell.xib in Resources */ = {isa = PBXBuildFile; fileRef = 4BBAEDC32794514A0063FFDA /* productReviewOneTableViewCell.xib */; };
		4BBAEDC82794528F0063FFDA /* productReviewsTableViewCell.swift in Sources */ = {isa = PBXBuildFile; fileRef = 4BBAEDC62794528F0063FFDA /* productReviewsTableViewCell.swift */; };
		4BBAEDC92794528F0063FFDA /* productReviewsTableViewCell.xib in Resources */ = {isa = PBXBuildFile; fileRef = 4BBAEDC72794528F0063FFDA /* productReviewsTableViewCell.xib */; };
		4BBAEDCC27951C780063FFDA /* productExplainOneTableViewCell.swift in Sources */ = {isa = PBXBuildFile; fileRef = 4BBAEDCA27951C780063FFDA /* productExplainOneTableViewCell.swift */; };
		4BBAEDCD27951C780063FFDA /* productExplainOneTableViewCell.xib in Resources */ = {isa = PBXBuildFile; fileRef = 4BBAEDCB27951C780063FFDA /* productExplainOneTableViewCell.xib */; };
		4BBAEDD02795241F0063FFDA /* productExplainTwoTableViewCell.swift in Sources */ = {isa = PBXBuildFile; fileRef = 4BBAEDCE2795241F0063FFDA /* productExplainTwoTableViewCell.swift */; };
		4BBAEDD12795241F0063FFDA /* productExplainTwoTableViewCell.xib in Resources */ = {isa = PBXBuildFile; fileRef = 4BBAEDCF2795241F0063FFDA /* productExplainTwoTableViewCell.xib */; };
		4BBAEDD427952D660063FFDA /* productInfoOneTableViewCell.swift in Sources */ = {isa = PBXBuildFile; fileRef = 4BBAEDD227952D660063FFDA /* productInfoOneTableViewCell.swift */; };
		4BBAEDD527952D660063FFDA /* productInfoOneTableViewCell.xib in Resources */ = {isa = PBXBuildFile; fileRef = 4BBAEDD327952D660063FFDA /* productInfoOneTableViewCell.xib */; };
		4BBAEDD927952E9A0063FFDA /* productInfoTwoTableViewCell.swift in Sources */ = {isa = PBXBuildFile; fileRef = 4BBAEDD727952E9A0063FFDA /* productInfoTwoTableViewCell.swift */; };
		4BBAEDDA27952E9A0063FFDA /* productInfoTwoTableViewCell.xib in Resources */ = {isa = PBXBuildFile; fileRef = 4BBAEDD827952E9A0063FFDA /* productInfoTwoTableViewCell.xib */; };
		4BBAEDDC279569AD0063FFDA /* NewProducts.swift in Sources */ = {isa = PBXBuildFile; fileRef = 4BBAEDDB279569AD0063FFDA /* NewProducts.swift */; };
		4BBAEDDE279570550063FFDA /* BestProducts.swift in Sources */ = {isa = PBXBuildFile; fileRef = 4BBAEDDD279570550063FFDA /* BestProducts.swift */; };
		4BBAEDE0279578210063FFDA /* ProductViewState.swift in Sources */ = {isa = PBXBuildFile; fileRef = 4BBAEDDF279578210063FFDA /* ProductViewState.swift */; };
		682FA94E4EE72210718F56D7 /* Pods_MarketCurlyB.framework in Frameworks */ = {isa = PBXBuildFile; fileRef = 3822ACB295FE620599F72DE0 /* Pods_MarketCurlyB.framework */; };
/* End PBXBuildFile section */

/* Begin PBXFileReference section */
		2D992575EAF94027198493CD /* Pods-MarketCurlyB.debug.xcconfig */ = {isa = PBXFileReference; includeInIndex = 1; lastKnownFileType = text.xcconfig; name = "Pods-MarketCurlyB.debug.xcconfig"; path = "Target Support Files/Pods-MarketCurlyB/Pods-MarketCurlyB.debug.xcconfig"; sourceTree = "<group>"; };
		3822ACB295FE620599F72DE0 /* Pods_MarketCurlyB.framework */ = {isa = PBXFileReference; explicitFileType = wrapper.framework; includeInIndex = 0; path = Pods_MarketCurlyB.framework; sourceTree = BUILT_PRODUCTS_DIR; };
		4B70682D27893A4E006BB008 /* MarketCurlyB.app */ = {isa = PBXFileReference; explicitFileType = wrapper.application; includeInIndex = 0; path = MarketCurlyB.app; sourceTree = BUILT_PRODUCTS_DIR; };
		4B70683027893A4E006BB008 /* AppDelegate.swift */ = {isa = PBXFileReference; lastKnownFileType = sourcecode.swift; path = AppDelegate.swift; sourceTree = "<group>"; };
		4B70683227893A4E006BB008 /* SceneDelegate.swift */ = {isa = PBXFileReference; lastKnownFileType = sourcecode.swift; path = SceneDelegate.swift; sourceTree = "<group>"; };
		4B70683727893A4E006BB008 /* Base */ = {isa = PBXFileReference; lastKnownFileType = file.storyboard; name = Base; path = Base.lproj/Main.storyboard; sourceTree = "<group>"; };
		4B70683927893A4F006BB008 /* Assets.xcassets */ = {isa = PBXFileReference; lastKnownFileType = folder.assetcatalog; path = Assets.xcassets; sourceTree = "<group>"; };
		4B70683C27893A4F006BB008 /* Base */ = {isa = PBXFileReference; lastKnownFileType = file.storyboard; name = Base; path = Base.lproj/LaunchScreen.storyboard; sourceTree = "<group>"; };
		4B70683E27893A4F006BB008 /* Info.plist */ = {isa = PBXFileReference; lastKnownFileType = text.plist.xml; path = Info.plist; sourceTree = "<group>"; };
		4B70A6D22789406F006EB01A /* HomeViewController.swift */ = {isa = PBXFileReference; lastKnownFileType = sourcecode.swift; path = HomeViewController.swift; sourceTree = "<group>"; };
		4B70A6D427895C3E006EB01A /* firstHomeViewController.swift */ = {isa = PBXFileReference; lastKnownFileType = sourcecode.swift; path = firstHomeViewController.swift; sourceTree = "<group>"; };
		4B70A6D627895C48006EB01A /* secondHomeViewController.swift */ = {isa = PBXFileReference; lastKnownFileType = sourcecode.swift; path = secondHomeViewController.swift; sourceTree = "<group>"; };
		4B70A6D827895C53006EB01A /* thirdHomeViewController.swift */ = {isa = PBXFileReference; lastKnownFileType = sourcecode.swift; path = thirdHomeViewController.swift; sourceTree = "<group>"; };
		4B70A6DA27895C60006EB01A /* firthHomeViewController.swift */ = {isa = PBXFileReference; lastKnownFileType = sourcecode.swift; path = firthHomeViewController.swift; sourceTree = "<group>"; };
		4B70A6DC27895C7B006EB01A /* fifthHomeViewController.swift */ = {isa = PBXFileReference; lastKnownFileType = sourcecode.swift; path = fifthHomeViewController.swift; sourceTree = "<group>"; };
		4B70A6E227897630006EB01A /* categoryViewController.swift */ = {isa = PBXFileReference; lastKnownFileType = sourcecode.swift; path = categoryViewController.swift; sourceTree = "<group>"; };
		4B70A6E527897841006EB01A /* searchViewController.swift */ = {isa = PBXFileReference; lastKnownFileType = sourcecode.swift; path = searchViewController.swift; sourceTree = "<group>"; };
		4B70A6E8278978CB006EB01A /* myKurlyViewController.swift */ = {isa = PBXFileReference; lastKnownFileType = sourcecode.swift; path = myKurlyViewController.swift; sourceTree = "<group>"; };
		4B70A6F02789C6AE006EB01A /* CategoryList.swift */ = {isa = PBXFileReference; lastKnownFileType = sourcecode.swift; path = CategoryList.swift; sourceTree = "<group>"; };
		4B70A6F62789CC70006EB01A /* CategoryCollectionInfo.swift */ = {isa = PBXFileReference; lastKnownFileType = sourcecode.swift; path = CategoryCollectionInfo.swift; sourceTree = "<group>"; };
		4B70A6F82789CF25006EB01A /* CategoryColletionModel.swift */ = {isa = PBXFileReference; lastKnownFileType = sourcecode.swift; path = CategoryColletionModel.swift; sourceTree = "<group>"; };
		4B70A6FA278B1550006EB01A /* categoryTableViewCell.swift */ = {isa = PBXFileReference; lastKnownFileType = sourcecode.swift; path = categoryTableViewCell.swift; sourceTree = "<group>"; };
		4B70A6FB278B1550006EB01A /* categoryTableViewCell.xib */ = {isa = PBXFileReference; lastKnownFileType = file.xib; path = categoryTableViewCell.xib; sourceTree = "<group>"; };
		4B70A6FF278B1EBC006EB01A /* logInViewController.swift */ = {isa = PBXFileReference; lastKnownFileType = sourcecode.swift; path = logInViewController.swift; sourceTree = "<group>"; };
		4B70A701278B230A006EB01A /* makeIdViewController.swift */ = {isa = PBXFileReference; lastKnownFileType = sourcecode.swift; path = makeIdViewController.swift; sourceTree = "<group>"; };
		4B807FA2278C233C009650C0 /* benefitTableViewCell.swift */ = {isa = PBXFileReference; lastKnownFileType = sourcecode.swift; path = benefitTableViewCell.swift; sourceTree = "<group>"; };
		4B807FA3278C233C009650C0 /* benefitTableViewCell.xib */ = {isa = PBXFileReference; lastKnownFileType = file.xib; path = benefitTableViewCell.xib; sourceTree = "<group>"; };
		4B807FA6278C2746009650C0 /* detailViewController.swift */ = {isa = PBXFileReference; lastKnownFileType = sourcecode.swift; path = detailViewController.swift; sourceTree = "<group>"; };
		4B807FA8278C5CE6009650C0 /* bannerTableViewCell.swift */ = {isa = PBXFileReference; lastKnownFileType = sourcecode.swift; path = bannerTableViewCell.swift; sourceTree = "<group>"; };
		4B807FA9278C5CE6009650C0 /* bannerTableViewCell.xib */ = {isa = PBXFileReference; lastKnownFileType = file.xib; path = bannerTableViewCell.xib; sourceTree = "<group>"; };
		4B807FAC278C5D83009650C0 /* kurlyRecommandTableViewCell.swift */ = {isa = PBXFileReference; lastKnownFileType = sourcecode.swift; path = kurlyRecommandTableViewCell.swift; sourceTree = "<group>"; };
		4B807FAD278C5D83009650C0 /* kurlyRecommandTableViewCell.xib */ = {isa = PBXFileReference; lastKnownFileType = file.xib; path = kurlyRecommandTableViewCell.xib; sourceTree = "<group>"; };
		4B807FB0278C5E65009650C0 /* productCollectionViewCell.swift */ = {isa = PBXFileReference; lastKnownFileType = sourcecode.swift; path = productCollectionViewCell.swift; sourceTree = "<group>"; };
		4B807FB1278C5E65009650C0 /* productCollectionViewCell.xib */ = {isa = PBXFileReference; lastKnownFileType = file.xib; path = productCollectionViewCell.xib; sourceTree = "<group>"; };
		4BBAED58278D9F470063FFDA /* eventSearchTableViewCell.swift */ = {isa = PBXFileReference; lastKnownFileType = sourcecode.swift; path = eventSearchTableViewCell.swift; sourceTree = "<group>"; };
		4BBAED59278D9F470063FFDA /* eventSearchTableViewCell.xib */ = {isa = PBXFileReference; lastKnownFileType = file.xib; path = eventSearchTableViewCell.xib; sourceTree = "<group>"; };
		4BBAED5C278DA2050063FFDA /* recommandSearchTableViewCell.swift */ = {isa = PBXFileReference; lastKnownFileType = sourcecode.swift; path = recommandSearchTableViewCell.swift; sourceTree = "<group>"; };
		4BBAED5D278DA2050063FFDA /* recommandSearchTableViewCell.xib */ = {isa = PBXFileReference; lastKnownFileType = file.xib; path = recommandSearchTableViewCell.xib; sourceTree = "<group>"; };
		4BBAED60278DA70A0063FFDA /* recentUpTableViewCell.swift */ = {isa = PBXFileReference; lastKnownFileType = sourcecode.swift; path = recentUpTableViewCell.swift; sourceTree = "<group>"; };
		4BBAED61278DA70A0063FFDA /* recentUpTableViewCell.xib */ = {isa = PBXFileReference; lastKnownFileType = file.xib; path = recentUpTableViewCell.xib; sourceTree = "<group>"; };
		4BBAED64278DA7E00063FFDA /* recentUpSubTableViewCell.swift */ = {isa = PBXFileReference; lastKnownFileType = sourcecode.swift; path = recentUpSubTableViewCell.swift; sourceTree = "<group>"; };
		4BBAED65278DA7E00063FFDA /* recentUpSubTableViewCell.xib */ = {isa = PBXFileReference; lastKnownFileType = file.xib; path = recentUpSubTableViewCell.xib; sourceTree = "<group>"; };
		4BBAED6B278ED8D40063FFDA /* cartViewController.swift */ = {isa = PBXFileReference; lastKnownFileType = sourcecode.swift; path = cartViewController.swift; sourceTree = "<group>"; };
		4BBAED6E278EE9260063FFDA /* productViewController.swift */ = {isa = PBXFileReference; lastKnownFileType = sourcecode.swift; path = productViewController.swift; sourceTree = "<group>"; };
		4BBAED70278EE9BA0063FFDA /* productExplainViewController.swift */ = {isa = PBXFileReference; lastKnownFileType = sourcecode.swift; path = productExplainViewController.swift; sourceTree = "<group>"; };
		4BBAED72278EE9C90063FFDA /* productDetailViewController.swift */ = {isa = PBXFileReference; lastKnownFileType = sourcecode.swift; path = productDetailViewController.swift; sourceTree = "<group>"; };
		4BBAED74278EE9D10063FFDA /* reviewViewController.swift */ = {isa = PBXFileReference; lastKnownFileType = sourcecode.swift; path = reviewViewController.swift; sourceTree = "<group>"; };
		4BBAED76278EE9E50063FFDA /* askViewController.swift */ = {isa = PBXFileReference; lastKnownFileType = sourcecode.swift; path = askViewController.swift; sourceTree = "<group>"; };
		4BBAED79278EFD350063FFDA /* LoginResponse.swift */ = {isa = PBXFileReference; lastKnownFileType = sourcecode.swift; path = LoginResponse.swift; sourceTree = "<group>"; };
		4BBAED7B278EFDE50063FFDA /* LoginRequest.swift */ = {isa = PBXFileReference; lastKnownFileType = sourcecode.swift; path = LoginRequest.swift; sourceTree = "<group>"; };
		4BBAED7E278EFE330063FFDA /* LogInDataManager.swift */ = {isa = PBXFileReference; lastKnownFileType = sourcecode.swift; path = LogInDataManager.swift; sourceTree = "<group>"; };
		4BBAED81278F08C70063FFDA /* SignInRequest.swift */ = {isa = PBXFileReference; lastKnownFileType = sourcecode.swift; path = SignInRequest.swift; sourceTree = "<group>"; };
		4BBAED86278F08EC0063FFDA /* SignInDataManager.swift */ = {isa = PBXFileReference; lastKnownFileType = sourcecode.swift; path = SignInDataManager.swift; sourceTree = "<group>"; };
		4BBAED8A278F0BFA0063FFDA /* SignInResponse.swift */ = {isa = PBXFileReference; lastKnownFileType = sourcecode.swift; path = SignInResponse.swift; sourceTree = "<group>"; };
		4BBAED8C278FE36E0063FFDA /* Constant.swift */ = {isa = PBXFileReference; lastKnownFileType = sourcecode.swift; path = Constant.swift; sourceTree = "<group>"; };
		4BBAED8E278FE88F0063FFDA /* LoginState.swift */ = {isa = PBXFileReference; lastKnownFileType = sourcecode.swift; path = LoginState.swift; sourceTree = "<group>"; };
		4BBAED92279045A70063FFDA /* CheckIdResponse.swift */ = {isa = PBXFileReference; lastKnownFileType = sourcecode.swift; path = CheckIdResponse.swift; sourceTree = "<group>"; };
		4BBAED94279045E70063FFDA /* CheckIdDataManager.swift */ = {isa = PBXFileReference; lastKnownFileType = sourcecode.swift; path = CheckIdDataManager.swift; sourceTree = "<group>"; };
		4BBAED96279189AA0063FFDA /* CheckPhoneResponse.swift */ = {isa = PBXFileReference; lastKnownFileType = sourcecode.swift; path = CheckPhoneResponse.swift; sourceTree = "<group>"; };
		4BBAED98279189B90063FFDA /* CheckPhoneDataManager.swift */ = {isa = PBXFileReference; lastKnownFileType = sourcecode.swift; path = CheckPhoneDataManager.swift; sourceTree = "<group>"; };
		4BBAED9B279190740063FFDA /* LoadUserInfoResponse.swift */ = {isa = PBXFileReference; lastKnownFileType = sourcecode.swift; path = LoadUserInfoResponse.swift; sourceTree = "<group>"; };
		4BBAED9D279190880063FFDA /* LoadUserInfoDataManger.swift */ = {isa = PBXFileReference; lastKnownFileType = sourcecode.swift; path = LoadUserInfoDataManger.swift; sourceTree = "<group>"; };
		4BBAEDA02792F12E0063FFDA /* LoadProductInfoResponse.swift */ = {isa = PBXFileReference; lastKnownFileType = sourcecode.swift; path = LoadProductInfoResponse.swift; sourceTree = "<group>"; };
		4BBAEDA22792F1410063FFDA /* LoadProductInfoDataManager.swift */ = {isa = PBXFileReference; lastKnownFileType = sourcecode.swift; path = LoadProductInfoDataManager.swift; sourceTree = "<group>"; };
		4BBAEDA5279301D50063FFDA /* LogInPageCellTitleInfo.swift */ = {isa = PBXFileReference; lastKnownFileType = sourcecode.swift; path = LogInPageCellTitleInfo.swift; sourceTree = "<group>"; };
		4BBAEDA7279304190063FFDA /* myKurlyListTableViewCell.swift */ = {isa = PBXFileReference; lastKnownFileType = sourcecode.swift; path = myKurlyListTableViewCell.swift; sourceTree = "<group>"; };
		4BBAEDA8279304190063FFDA /* myKurlyListTableViewCell.xib */ = {isa = PBXFileReference; lastKnownFileType = file.xib; path = myKurlyListTableViewCell.xib; sourceTree = "<group>"; };
		4BBAEDAC2793095C0063FFDA /* logInedTableViewCell.swift */ = {isa = PBXFileReference; lastKnownFileType = sourcecode.swift; path = logInedTableViewCell.swift; sourceTree = "<group>"; };
		4BBAEDAD2793095C0063FFDA /* logInedTableViewCell.xib */ = {isa = PBXFileReference; lastKnownFileType = file.xib; path = logInedTableViewCell.xib; sourceTree = "<group>"; };
		4BBAEDB5279444D60063FFDA /* questionTableViewCell.swift */ = {isa = PBXFileReference; lastKnownFileType = sourcecode.swift; path = questionTableViewCell.swift; sourceTree = "<group>"; };
		4BBAEDB6279444D60063FFDA /* questionTableViewCell.xib */ = {isa = PBXFileReference; lastKnownFileType = file.xib; path = questionTableViewCell.xib; sourceTree = "<group>"; };
		4BBAEDBE27944F0C0063FFDA /* questionTableViewTableViewCell.swift */ = {isa = PBXFileReference; lastKnownFileType = sourcecode.swift; path = questionTableViewTableViewCell.swift; sourceTree = "<group>"; };
		4BBAEDBF27944F0C0063FFDA /* questionTableViewTableViewCell.xib */ = {isa = PBXFileReference; lastKnownFileType = file.xib; path = questionTableViewTableViewCell.xib; sourceTree = "<group>"; };
		4BBAEDC22794514A0063FFDA /* productReviewOneTableViewCell.swift */ = {isa = PBXFileReference; lastKnownFileType = sourcecode.swift; path = productReviewOneTableViewCell.swift; sourceTree = "<group>"; };
		4BBAEDC32794514A0063FFDA /* productReviewOneTableViewCell.xib */ = {isa = PBXFileReference; lastKnownFileType = file.xib; path = productReviewOneTableViewCell.xib; sourceTree = "<group>"; };
		4BBAEDC62794528F0063FFDA /* productReviewsTableViewCell.swift */ = {isa = PBXFileReference; lastKnownFileType = sourcecode.swift; path = productReviewsTableViewCell.swift; sourceTree = "<group>"; };
		4BBAEDC72794528F0063FFDA /* productReviewsTableViewCell.xib */ = {isa = PBXFileReference; lastKnownFileType = file.xib; path = productReviewsTableViewCell.xib; sourceTree = "<group>"; };
		4BBAEDCA27951C780063FFDA /* productExplainOneTableViewCell.swift */ = {isa = PBXFileReference; lastKnownFileType = sourcecode.swift; path = productExplainOneTableViewCell.swift; sourceTree = "<group>"; };
		4BBAEDCB27951C780063FFDA /* productExplainOneTableViewCell.xib */ = {isa = PBXFileReference; lastKnownFileType = file.xib; path = productExplainOneTableViewCell.xib; sourceTree = "<group>"; };
		4BBAEDCE2795241F0063FFDA /* productExplainTwoTableViewCell.swift */ = {isa = PBXFileReference; lastKnownFileType = sourcecode.swift; path = productExplainTwoTableViewCell.swift; sourceTree = "<group>"; };
		4BBAEDCF2795241F0063FFDA /* productExplainTwoTableViewCell.xib */ = {isa = PBXFileReference; lastKnownFileType = file.xib; path = productExplainTwoTableViewCell.xib; sourceTree = "<group>"; };
		4BBAEDD227952D660063FFDA /* productInfoOneTableViewCell.swift */ = {isa = PBXFileReference; lastKnownFileType = sourcecode.swift; path = productInfoOneTableViewCell.swift; sourceTree = "<group>"; };
		4BBAEDD327952D660063FFDA /* productInfoOneTableViewCell.xib */ = {isa = PBXFileReference; lastKnownFileType = file.xib; path = productInfoOneTableViewCell.xib; sourceTree = "<group>"; };
		4BBAEDD727952E9A0063FFDA /* productInfoTwoTableViewCell.swift */ = {isa = PBXFileReference; lastKnownFileType = sourcecode.swift; path = productInfoTwoTableViewCell.swift; sourceTree = "<group>"; };
		4BBAEDD827952E9A0063FFDA /* productInfoTwoTableViewCell.xib */ = {isa = PBXFileReference; lastKnownFileType = file.xib; path = productInfoTwoTableViewCell.xib; sourceTree = "<group>"; };
		4BBAEDDB279569AD0063FFDA /* NewProducts.swift */ = {isa = PBXFileReference; lastKnownFileType = sourcecode.swift; path = NewProducts.swift; sourceTree = "<group>"; };
		4BBAEDDD279570550063FFDA /* BestProducts.swift */ = {isa = PBXFileReference; lastKnownFileType = sourcecode.swift; path = BestProducts.swift; sourceTree = "<group>"; };
		4BBAEDDF279578210063FFDA /* ProductViewState.swift */ = {isa = PBXFileReference; lastKnownFileType = sourcecode.swift; path = ProductViewState.swift; sourceTree = "<group>"; };
		F7CCEFED7EF07DDD74E1E0EB /* Pods-MarketCurlyB.release.xcconfig */ = {isa = PBXFileReference; includeInIndex = 1; lastKnownFileType = text.xcconfig; name = "Pods-MarketCurlyB.release.xcconfig"; path = "Target Support Files/Pods-MarketCurlyB/Pods-MarketCurlyB.release.xcconfig"; sourceTree = "<group>"; };
/* End PBXFileReference section */

/* Begin PBXFrameworksBuildPhase section */
		4B70682A27893A4E006BB008 /* Frameworks */ = {
			isa = PBXFrameworksBuildPhase;
			buildActionMask = 2147483647;
			files = (
				682FA94E4EE72210718F56D7 /* Pods_MarketCurlyB.framework in Frameworks */,
			);
			runOnlyForDeploymentPostprocessing = 0;
		};
/* End PBXFrameworksBuildPhase section */

/* Begin PBXGroup section */
		314D7407E400922A03589C8D /* Frameworks */ = {
			isa = PBXGroup;
			children = (
				3822ACB295FE620599F72DE0 /* Pods_MarketCurlyB.framework */,
			);
			name = Frameworks;
			sourceTree = "<group>";
		};
		4B70682427893A4E006BB008 = {
			isa = PBXGroup;
			children = (
				4B70682F27893A4E006BB008 /* MarketCurlyB */,
				4B70682E27893A4E006BB008 /* Products */,
				95635DBE9288994EFF6278B3 /* Pods */,
				314D7407E400922A03589C8D /* Frameworks */,
			);
			sourceTree = "<group>";
		};
		4B70682E27893A4E006BB008 /* Products */ = {
			isa = PBXGroup;
			children = (
				4B70682D27893A4E006BB008 /* MarketCurlyB.app */,
			);
			name = Products;
			sourceTree = "<group>";
		};
		4B70682F27893A4E006BB008 /* MarketCurlyB */ = {
			isa = PBXGroup;
			children = (
				4BBAED4D278D52870063FFDA /* configuration */,
				4BBAED4F278D52DB0063FFDA /* source */,
				4BBAED52278D536E0063FFDA /* DesignPattern */,
				4B70A6EA278979AC006EB01A /* Delegate */,
				4B70683627893A4E006BB008 /* Main.storyboard */,
				4B70683B27893A4F006BB008 /* LaunchScreen.storyboard */,
				4B70683927893A4F006BB008 /* Assets.xcassets */,
				4B70683E27893A4F006BB008 /* Info.plist */,
			);
			path = MarketCurlyB;
			sourceTree = "<group>";
		};
		4B70A6DE278975EF006EB01A /* viewController */ = {
			isa = PBXGroup;
			children = (
				4BBAED6D278EE8FB0063FFDA /* productViewcontroller */,
				4BBAED68278ED8910063FFDA /* buy */,
				4B70A6E7278978AA006EB01A /* myKurlyViewController */,
				4B70A6E42789782C006EB01A /* searchViewController */,
				4B70A6E12789761D006EB01A /* categoryViewController */,
				4B70A6DF278975FF006EB01A /* HomeViewcontroller */,
			);
			path = viewController;
			sourceTree = "<group>";
		};
		4B70A6DF278975FF006EB01A /* HomeViewcontroller */ = {
			isa = PBXGroup;
			children = (
				4B70A6D22789406F006EB01A /* HomeViewController.swift */,
				4B70A6D427895C3E006EB01A /* firstHomeViewController.swift */,
				4B70A6D627895C48006EB01A /* secondHomeViewController.swift */,
				4B70A6D827895C53006EB01A /* thirdHomeViewController.swift */,
				4B70A6DA27895C60006EB01A /* firthHomeViewController.swift */,
				4B70A6DC27895C7B006EB01A /* fifthHomeViewController.swift */,
			);
			path = HomeViewcontroller;
			sourceTree = "<group>";
		};
		4B70A6E12789761D006EB01A /* categoryViewController */ = {
			isa = PBXGroup;
			children = (
				4B70A6E227897630006EB01A /* categoryViewController.swift */,
				4B807FA6278C2746009650C0 /* detailViewController.swift */,
			);
			path = categoryViewController;
			sourceTree = "<group>";
		};
		4B70A6E42789782C006EB01A /* searchViewController */ = {
			isa = PBXGroup;
			children = (
				4B70A6E527897841006EB01A /* searchViewController.swift */,
			);
			path = searchViewController;
			sourceTree = "<group>";
		};
		4B70A6E7278978AA006EB01A /* myKurlyViewController */ = {
			isa = PBXGroup;
			children = (
				4B70A6E8278978CB006EB01A /* myKurlyViewController.swift */,
				4B70A6FF278B1EBC006EB01A /* logInViewController.swift */,
				4B70A701278B230A006EB01A /* makeIdViewController.swift */,
			);
			path = myKurlyViewController;
			sourceTree = "<group>";
		};
		4B70A6EA278979AC006EB01A /* Delegate */ = {
			isa = PBXGroup;
			children = (
				4B70683027893A4E006BB008 /* AppDelegate.swift */,
				4B70683227893A4E006BB008 /* SceneDelegate.swift */,
			);
			path = Delegate;
			sourceTree = "<group>";
		};
		4B70A6EB27897AB7006EB01A /* Model */ = {
			isa = PBXGroup;
			children = (
				4B70A6F02789C6AE006EB01A /* CategoryList.swift */,
				4B70A6F62789CC70006EB01A /* CategoryCollectionInfo.swift */,
				4B70A6F82789CF25006EB01A /* CategoryColletionModel.swift */,
				4BBAED8E278FE88F0063FFDA /* LoginState.swift */,
				4BBAEDA5279301D50063FFDA /* LogInPageCellTitleInfo.swift */,
				4BBAEDDB279569AD0063FFDA /* NewProducts.swift */,
				4BBAEDDD279570550063FFDA /* BestProducts.swift */,
				4BBAEDDF279578210063FFDA /* ProductViewState.swift */,
			);
			path = Model;
			sourceTree = "<group>";
		};
		4B70A6FE278B17C7006EB01A /* xib */ = {
			isa = PBXGroup;
			children = (
				4BBAEDB4279443650063FFDA /* search */,
				4BBAEDB3279443400063FFDA /* category */,
				4BBAEDB2279442050063FFDA /* productDetail */,
				4BBAEDB1279442030063FFDA /* firstHomeView */,
				4BBAEDB0279441530063FFDA /* fifthHomeView */,
				4BBAEDAB2793093C0063FFDA /* myKurlyPage */,
			);
			path = xib;
			sourceTree = "<group>";
		};
		4BBAED4D278D52870063FFDA /* configuration */ = {
			isa = PBXGroup;
			children = (
				4B70A6EB27897AB7006EB01A /* Model */,
				4BBAED8C278FE36E0063FFDA /* Constant.swift */,
			);
			path = configuration;
			sourceTree = "<group>";
		};
		4BBAED4F278D52DB0063FFDA /* source */ = {
			isa = PBXGroup;
			children = (
				4BBAED50278D53480063FFDA /* Network */,
			);
			path = source;
			sourceTree = "<group>";
		};
		4BBAED50278D53480063FFDA /* Network */ = {
			isa = PBXGroup;
			children = (
				4BBAED9F2792F1120063FFDA /* LoadProductInfo */,
				4BBAED9A279190500063FFDA /* loadUserIfo */,
				4BBAED912790457F0063FFDA /* CheckId */,
				4BBAED90279044630063FFDA /* CheckPhone */,
				4BBAED80278F08B20063FFDA /* SignIn */,
				4BBAED78278EFCDF0063FFDA /* LogIn */,
			);
			path = Network;
			sourceTree = "<group>";
		};
		4BBAED52278D536E0063FFDA /* DesignPattern */ = {
			isa = PBXGroup;
			children = (
				4BBAED53278D53AD0063FFDA /* View */,
			);
			path = DesignPattern;
			sourceTree = "<group>";
		};
		4BBAED53278D53AD0063FFDA /* View */ = {
			isa = PBXGroup;
			children = (
				4B70A6DE278975EF006EB01A /* viewController */,
				4B70A6FE278B17C7006EB01A /* xib */,
			);
			path = View;
			sourceTree = "<group>";
		};
		4BBAED68278ED8910063FFDA /* buy */ = {
			isa = PBXGroup;
			children = (
				4BBAED6B278ED8D40063FFDA /* cartViewController.swift */,
			);
			path = buy;
			sourceTree = "<group>";
		};
		4BBAED6D278EE8FB0063FFDA /* productViewcontroller */ = {
			isa = PBXGroup;
			children = (
				4BBAED6E278EE9260063FFDA /* productViewController.swift */,
				4BBAED70278EE9BA0063FFDA /* productExplainViewController.swift */,
				4BBAED72278EE9C90063FFDA /* productDetailViewController.swift */,
				4BBAED74278EE9D10063FFDA /* reviewViewController.swift */,
				4BBAED76278EE9E50063FFDA /* askViewController.swift */,
			);
			path = productViewcontroller;
			sourceTree = "<group>";
		};
		4BBAED78278EFCDF0063FFDA /* LogIn */ = {
			isa = PBXGroup;
			children = (
				4BBAED7D278EFE200063FFDA /* Entitiy */,
				4BBAED7E278EFE330063FFDA /* LogInDataManager.swift */,
			);
			path = LogIn;
			sourceTree = "<group>";
		};
		4BBAED7D278EFE200063FFDA /* Entitiy */ = {
			isa = PBXGroup;
			children = (
				4BBAED79278EFD350063FFDA /* LoginResponse.swift */,
				4BBAED7B278EFDE50063FFDA /* LoginRequest.swift */,
			);
			path = Entitiy;
			sourceTree = "<group>";
		};
		4BBAED80278F08B20063FFDA /* SignIn */ = {
			isa = PBXGroup;
			children = (
				4BBAED83278F08CC0063FFDA /* Entity */,
				4BBAED86278F08EC0063FFDA /* SignInDataManager.swift */,
			);
			path = SignIn;
			sourceTree = "<group>";
		};
		4BBAED83278F08CC0063FFDA /* Entity */ = {
			isa = PBXGroup;
			children = (
				4BBAED8A278F0BFA0063FFDA /* SignInResponse.swift */,
				4BBAED81278F08C70063FFDA /* SignInRequest.swift */,
			);
			path = Entity;
			sourceTree = "<group>";
		};
		4BBAED90279044630063FFDA /* CheckPhone */ = {
			isa = PBXGroup;
			children = (
				4BBAED96279189AA0063FFDA /* CheckPhoneResponse.swift */,
				4BBAED98279189B90063FFDA /* CheckPhoneDataManager.swift */,
			);
			path = CheckPhone;
			sourceTree = "<group>";
		};
		4BBAED912790457F0063FFDA /* CheckId */ = {
			isa = PBXGroup;
			children = (
				4BBAED92279045A70063FFDA /* CheckIdResponse.swift */,
				4BBAED94279045E70063FFDA /* CheckIdDataManager.swift */,
			);
			path = CheckId;
			sourceTree = "<group>";
		};
		4BBAED9A279190500063FFDA /* loadUserIfo */ = {
			isa = PBXGroup;
			children = (
				4BBAED9B279190740063FFDA /* LoadUserInfoResponse.swift */,
				4BBAED9D279190880063FFDA /* LoadUserInfoDataManger.swift */,
			);
			path = loadUserIfo;
			sourceTree = "<group>";
		};
		4BBAED9F2792F1120063FFDA /* LoadProductInfo */ = {
			isa = PBXGroup;
			children = (
				4BBAEDA02792F12E0063FFDA /* LoadProductInfoResponse.swift */,
				4BBAEDA22792F1410063FFDA /* LoadProductInfoDataManager.swift */,
			);
			path = LoadProductInfo;
			sourceTree = "<group>";
		};
		4BBAEDAB2793093C0063FFDA /* myKurlyPage */ = {
			isa = PBXGroup;
			children = (
				4BBAEDA7279304190063FFDA /* myKurlyListTableViewCell.swift */,
				4BBAEDA8279304190063FFDA /* myKurlyListTableViewCell.xib */,
				4BBAEDAC2793095C0063FFDA /* logInedTableViewCell.swift */,
				4BBAEDAD2793095C0063FFDA /* logInedTableViewCell.xib */,
			);
			path = myKurlyPage;
			sourceTree = "<group>";
		};
		4BBAEDB0279441530063FFDA /* fifthHomeView */ = {
			isa = PBXGroup;
			children = (
				4B807FA2278C233C009650C0 /* benefitTableViewCell.swift */,
				4B807FA3278C233C009650C0 /* benefitTableViewCell.xib */,
			);
			path = fifthHomeView;
			sourceTree = "<group>";
		};
		4BBAEDB1279442030063FFDA /* firstHomeView */ = {
			isa = PBXGroup;
			children = (
				4B807FA8278C5CE6009650C0 /* bannerTableViewCell.swift */,
				4B807FA9278C5CE6009650C0 /* bannerTableViewCell.xib */,
				4B807FAC278C5D83009650C0 /* kurlyRecommandTableViewCell.swift */,
				4B807FAD278C5D83009650C0 /* kurlyRecommandTableViewCell.xib */,
				4B807FB0278C5E65009650C0 /* productCollectionViewCell.swift */,
				4B807FB1278C5E65009650C0 /* productCollectionViewCell.xib */,
			);
			path = firstHomeView;
			sourceTree = "<group>";
		};
		4BBAEDB2279442050063FFDA /* productDetail */ = {
			isa = PBXGroup;
			children = (
				4BBAEDE127957A280063FFDA /* productExplain */,
				4BBAEDB5279444D60063FFDA /* questionTableViewCell.swift */,
				4BBAEDB6279444D60063FFDA /* questionTableViewCell.xib */,
				4BBAEDBE27944F0C0063FFDA /* questionTableViewTableViewCell.swift */,
				4BBAEDBF27944F0C0063FFDA /* questionTableViewTableViewCell.xib */,
				4BBAEDC22794514A0063FFDA /* productReviewOneTableViewCell.swift */,
				4BBAEDC32794514A0063FFDA /* productReviewOneTableViewCell.xib */,
				4BBAEDC62794528F0063FFDA /* productReviewsTableViewCell.swift */,
				4BBAEDC72794528F0063FFDA /* productReviewsTableViewCell.xib */,
				4BBAEDD627952E780063FFDA /* productInfo */,
			);
			path = productDetail;
			sourceTree = "<group>";
		};
		4BBAEDB3279443400063FFDA /* category */ = {
			isa = PBXGroup;
			children = (
				4B70A6FA278B1550006EB01A /* categoryTableViewCell.swift */,
				4B70A6FB278B1550006EB01A /* categoryTableViewCell.xib */,
			);
			path = category;
			sourceTree = "<group>";
		};
		4BBAEDB4279443650063FFDA /* search */ = {
			isa = PBXGroup;
			children = (
				4BBAED58278D9F470063FFDA /* eventSearchTableViewCell.swift */,
				4BBAED59278D9F470063FFDA /* eventSearchTableViewCell.xib */,
				4BBAED5C278DA2050063FFDA /* recommandSearchTableViewCell.swift */,
				4BBAED5D278DA2050063FFDA /* recommandSearchTableViewCell.xib */,
				4BBAED60278DA70A0063FFDA /* recentUpTableViewCell.swift */,
				4BBAED61278DA70A0063FFDA /* recentUpTableViewCell.xib */,
				4BBAED64278DA7E00063FFDA /* recentUpSubTableViewCell.swift */,
				4BBAED65278DA7E00063FFDA /* recentUpSubTableViewCell.xib */,
			);
			path = search;
			sourceTree = "<group>";
		};
		4BBAEDD627952E780063FFDA /* productInfo */ = {
			isa = PBXGroup;
			children = (
				4BBAEDD227952D660063FFDA /* productInfoOneTableViewCell.swift */,
				4BBAEDD327952D660063FFDA /* productInfoOneTableViewCell.xib */,
				4BBAEDD727952E9A0063FFDA /* productInfoTwoTableViewCell.swift */,
				4BBAEDD827952E9A0063FFDA /* productInfoTwoTableViewCell.xib */,
			);
			path = productInfo;
			sourceTree = "<group>";
		};
		4BBAEDE127957A280063FFDA /* productExplain */ = {
			isa = PBXGroup;
			children = (
				4BBAEDCA27951C780063FFDA /* productExplainOneTableViewCell.swift */,
				4BBAEDCB27951C780063FFDA /* productExplainOneTableViewCell.xib */,
				4BBAEDCE2795241F0063FFDA /* productExplainTwoTableViewCell.swift */,
				4BBAEDCF2795241F0063FFDA /* productExplainTwoTableViewCell.xib */,
			);
			path = productExplain;
			sourceTree = "<group>";
		};
		95635DBE9288994EFF6278B3 /* Pods */ = {
			isa = PBXGroup;
			children = (
				2D992575EAF94027198493CD /* Pods-MarketCurlyB.debug.xcconfig */,
				F7CCEFED7EF07DDD74E1E0EB /* Pods-MarketCurlyB.release.xcconfig */,
			);
			path = Pods;
			sourceTree = "<group>";
		};
/* End PBXGroup section */

/* Begin PBXNativeTarget section */
		4B70682C27893A4E006BB008 /* MarketCurlyB */ = {
			isa = PBXNativeTarget;
			buildConfigurationList = 4B70684127893A4F006BB008 /* Build configuration list for PBXNativeTarget "MarketCurlyB" */;
			buildPhases = (
				8E52FF59D9C4127FDBB48E69 /* [CP] Check Pods Manifest.lock */,
				4B70682927893A4E006BB008 /* Sources */,
				4B70682A27893A4E006BB008 /* Frameworks */,
				4B70682B27893A4E006BB008 /* Resources */,
				4190AE983339AC4FD791434E /* [CP] Embed Pods Frameworks */,
			);
			buildRules = (
			);
			dependencies = (
			);
			name = MarketCurlyB;
			productName = MarketCurlyB;
			productReference = 4B70682D27893A4E006BB008 /* MarketCurlyB.app */;
			productType = "com.apple.product-type.application";
		};
/* End PBXNativeTarget section */

/* Begin PBXProject section */
		4B70682527893A4E006BB008 /* Project object */ = {
			isa = PBXProject;
			attributes = {
				BuildIndependentTargetsInParallel = 1;
				LastSwiftUpdateCheck = 1320;
				LastUpgradeCheck = 1320;
				TargetAttributes = {
					4B70682C27893A4E006BB008 = {
						CreatedOnToolsVersion = 13.2.1;
					};
				};
			};
			buildConfigurationList = 4B70682827893A4E006BB008 /* Build configuration list for PBXProject "MarketCurlyB" */;
			compatibilityVersion = "Xcode 13.0";
			developmentRegion = en;
			hasScannedForEncodings = 0;
			knownRegions = (
				en,
				Base,
			);
			mainGroup = 4B70682427893A4E006BB008;
			productRefGroup = 4B70682E27893A4E006BB008 /* Products */;
			projectDirPath = "";
			projectRoot = "";
			targets = (
				4B70682C27893A4E006BB008 /* MarketCurlyB */,
			);
		};
/* End PBXProject section */

/* Begin PBXResourcesBuildPhase section */
		4B70682B27893A4E006BB008 /* Resources */ = {
			isa = PBXResourcesBuildPhase;
			buildActionMask = 2147483647;
			files = (
				4BBAED5B278D9F470063FFDA /* eventSearchTableViewCell.xib in Resources */,
				4BBAEDC52794514A0063FFDA /* productReviewOneTableViewCell.xib in Resources */,
				4BBAEDD12795241F0063FFDA /* productExplainTwoTableViewCell.xib in Resources */,
				4B70683D27893A4F006BB008 /* LaunchScreen.storyboard in Resources */,
				4B70683A27893A4F006BB008 /* Assets.xcassets in Resources */,
				4B70683827893A4E006BB008 /* Main.storyboard in Resources */,
				4BBAED67278DA7E00063FFDA /* recentUpSubTableViewCell.xib in Resources */,
				4BBAEDC127944F0C0063FFDA /* questionTableViewTableViewCell.xib in Resources */,
				4BBAEDD527952D660063FFDA /* productInfoOneTableViewCell.xib in Resources */,
				4B807FAB278C5CE6009650C0 /* bannerTableViewCell.xib in Resources */,
				4BBAEDAF2793095C0063FFDA /* logInedTableViewCell.xib in Resources */,
				4BBAEDCD27951C780063FFDA /* productExplainOneTableViewCell.xib in Resources */,
				4BBAEDDA27952E9A0063FFDA /* productInfoTwoTableViewCell.xib in Resources */,
				4B70A6FD278B1550006EB01A /* categoryTableViewCell.xib in Resources */,
				4BBAED5F278DA2050063FFDA /* recommandSearchTableViewCell.xib in Resources */,
				4BBAED63278DA70A0063FFDA /* recentUpTableViewCell.xib in Resources */,
				4B807FAF278C5D83009650C0 /* kurlyRecommandTableViewCell.xib in Resources */,
				4BBAEDC92794528F0063FFDA /* productReviewsTableViewCell.xib in Resources */,
				4B807FB3278C5E65009650C0 /* productCollectionViewCell.xib in Resources */,
				4B807FA5278C233C009650C0 /* benefitTableViewCell.xib in Resources */,
				4BBAEDAA279304190063FFDA /* myKurlyListTableViewCell.xib in Resources */,
				4BBAEDB8279444D60063FFDA /* questionTableViewCell.xib in Resources */,
			);
			runOnlyForDeploymentPostprocessing = 0;
		};
/* End PBXResourcesBuildPhase section */

/* Begin PBXShellScriptBuildPhase section */
		4190AE983339AC4FD791434E /* [CP] Embed Pods Frameworks */ = {
			isa = PBXShellScriptBuildPhase;
			buildActionMask = 2147483647;
			files = (
			);
			inputFileListPaths = (
				"${PODS_ROOT}/Target Support Files/Pods-MarketCurlyB/Pods-MarketCurlyB-frameworks-${CONFIGURATION}-input-files.xcfilelist",
			);
			name = "[CP] Embed Pods Frameworks";
			outputFileListPaths = (
				"${PODS_ROOT}/Target Support Files/Pods-MarketCurlyB/Pods-MarketCurlyB-frameworks-${CONFIGURATION}-output-files.xcfilelist",
			);
			runOnlyForDeploymentPostprocessing = 0;
			shellPath = /bin/sh;
			shellScript = "\"${PODS_ROOT}/Target Support Files/Pods-MarketCurlyB/Pods-MarketCurlyB-frameworks.sh\"\n";
			showEnvVarsInLog = 0;
		};
		8E52FF59D9C4127FDBB48E69 /* [CP] Check Pods Manifest.lock */ = {
			isa = PBXShellScriptBuildPhase;
			buildActionMask = 2147483647;
			files = (
			);
			inputFileListPaths = (
			);
			inputPaths = (
				"${PODS_PODFILE_DIR_PATH}/Podfile.lock",
				"${PODS_ROOT}/Manifest.lock",
			);
			name = "[CP] Check Pods Manifest.lock";
			outputFileListPaths = (
			);
			outputPaths = (
				"$(DERIVED_FILE_DIR)/Pods-MarketCurlyB-checkManifestLockResult.txt",
			);
			runOnlyForDeploymentPostprocessing = 0;
			shellPath = /bin/sh;
			shellScript = "diff \"${PODS_PODFILE_DIR_PATH}/Podfile.lock\" \"${PODS_ROOT}/Manifest.lock\" > /dev/null\nif [ $? != 0 ] ; then\n    # print error to STDERR\n    echo \"error: The sandbox is not in sync with the Podfile.lock. Run 'pod install' or update your CocoaPods installation.\" >&2\n    exit 1\nfi\n# This output is used by Xcode 'outputs' to avoid re-running this script phase.\necho \"SUCCESS\" > \"${SCRIPT_OUTPUT_FILE_0}\"\n";
			showEnvVarsInLog = 0;
		};
/* End PBXShellScriptBuildPhase section */

/* Begin PBXSourcesBuildPhase section */
		4B70682927893A4E006BB008 /* Sources */ = {
			isa = PBXSourcesBuildPhase;
			buildActionMask = 2147483647;
			files = (
				4BBAED71278EE9BA0063FFDA /* productExplainViewController.swift in Sources */,
				4BBAED7C278EFDE50063FFDA /* LoginRequest.swift in Sources */,
				4BBAED8B278F0BFA0063FFDA /* SignInResponse.swift in Sources */,
				4BBAED5A278D9F470063FFDA /* eventSearchTableViewCell.swift in Sources */,
				4B70A6D527895C3E006EB01A /* firstHomeViewController.swift in Sources */,
				4BBAED8F278FE88F0063FFDA /* LoginState.swift in Sources */,
				4BBAEDC42794514A0063FFDA /* productReviewOneTableViewCell.swift in Sources */,
				4B807FAA278C5CE6009650C0 /* bannerTableViewCell.swift in Sources */,
				4B807FA7278C2746009650C0 /* detailViewController.swift in Sources */,
				4BBAED5E278DA2050063FFDA /* recommandSearchTableViewCell.swift in Sources */,
				4BBAEDC027944F0C0063FFDA /* questionTableViewTableViewCell.swift in Sources */,
				4BBAED82278F08C70063FFDA /* SignInRequest.swift in Sources */,
				4BBAEDA32792F1410063FFDA /* LoadProductInfoDataManager.swift in Sources */,
				4BBAED6C278ED8D40063FFDA /* cartViewController.swift in Sources */,
				4BBAEDD427952D660063FFDA /* productInfoOneTableViewCell.swift in Sources */,
				4BBAEDCC27951C780063FFDA /* productExplainOneTableViewCell.swift in Sources */,
				4B70A6E327897630006EB01A /* categoryViewController.swift in Sources */,
				4BBAEDAE2793095C0063FFDA /* logInedTableViewCell.swift in Sources */,
				4B70A702278B230A006EB01A /* makeIdViewController.swift in Sources */,
				4B70A6FC278B1550006EB01A /* categoryTableViewCell.swift in Sources */,
				4BBAED97279189AA0063FFDA /* CheckPhoneResponse.swift in Sources */,
				4BBAEDB7279444D60063FFDA /* questionTableViewCell.swift in Sources */,
				4BBAED99279189B90063FFDA /* CheckPhoneDataManager.swift in Sources */,
				4B70A6DD27895C7B006EB01A /* fifthHomeViewController.swift in Sources */,
				4BBAED6F278EE9260063FFDA /* productViewController.swift in Sources */,
				4B807FAE278C5D83009650C0 /* kurlyRecommandTableViewCell.swift in Sources */,
				4BBAEDE0279578210063FFDA /* ProductViewState.swift in Sources */,
				4B70A6D727895C48006EB01A /* secondHomeViewController.swift in Sources */,
				4BBAED62278DA70A0063FFDA /* recentUpTableViewCell.swift in Sources */,
				4B70A6DB27895C60006EB01A /* firthHomeViewController.swift in Sources */,
				4BBAED77278EE9E50063FFDA /* askViewController.swift in Sources */,
				4B70683127893A4E006BB008 /* AppDelegate.swift in Sources */,
				4BBAED9C279190740063FFDA /* LoadUserInfoResponse.swift in Sources */,
				4B70A6E9278978CB006EB01A /* myKurlyViewController.swift in Sources */,
				4B70A6E627897841006EB01A /* searchViewController.swift in Sources */,
				4BBAED93279045A70063FFDA /* CheckIdResponse.swift in Sources */,
				4BBAED9E279190880063FFDA /* LoadUserInfoDataManger.swift in Sources */,
				4BBAED7A278EFD350063FFDA /* LoginResponse.swift in Sources */,
				4B70A6D927895C53006EB01A /* thirdHomeViewController.swift in Sources */,
				4BBAED87278F08EC0063FFDA /* SignInDataManager.swift in Sources */,
				4B70A6F12789C6AE006EB01A /* CategoryList.swift in Sources */,
				4B70683327893A4E006BB008 /* SceneDelegate.swift in Sources */,
				4BBAEDA12792F12E0063FFDA /* LoadProductInfoResponse.swift in Sources */,
				4B807FB2278C5E65009650C0 /* productCollectionViewCell.swift in Sources */,
				4BBAEDD927952E9A0063FFDA /* productInfoTwoTableViewCell.swift in Sources */,
				4BBAED73278EE9C90063FFDA /* productDetailViewController.swift in Sources */,
				4BBAED66278DA7E00063FFDA /* recentUpSubTableViewCell.swift in Sources */,
				4BBAEDDC279569AD0063FFDA /* NewProducts.swift in Sources */,
				4B70A700278B1EBC006EB01A /* logInViewController.swift in Sources */,
				4B70A6D32789406F006EB01A /* HomeViewController.swift in Sources */,
				4BBAED95279045E70063FFDA /* CheckIdDataManager.swift in Sources */,
				4B70A6F72789CC70006EB01A /* CategoryCollectionInfo.swift in Sources */,
				4BBAEDC82794528F0063FFDA /* productReviewsTableViewCell.swift in Sources */,
				4B70A6F92789CF26006EB01A /* CategoryColletionModel.swift in Sources */,
				4BBAEDD02795241F0063FFDA /* productExplainTwoTableViewCell.swift in Sources */,
				4BBAED8D278FE36E0063FFDA /* Constant.swift in Sources */,
				4B807FA4278C233C009650C0 /* benefitTableViewCell.swift in Sources */,
				4BBAEDA6279301D50063FFDA /* LogInPageCellTitleInfo.swift in Sources */,
				4BBAED75278EE9D10063FFDA /* reviewViewController.swift in Sources */,
				4BBAED7F278EFE330063FFDA /* LogInDataManager.swift in Sources */,
				4BBAEDDE279570550063FFDA /* BestProducts.swift in Sources */,
				4BBAEDA9279304190063FFDA /* myKurlyListTableViewCell.swift in Sources */,
			);
			runOnlyForDeploymentPostprocessing = 0;
		};
/* End PBXSourcesBuildPhase section */

/* Begin PBXVariantGroup section */
		4B70683627893A4E006BB008 /* Main.storyboard */ = {
			isa = PBXVariantGroup;
			children = (
				4B70683727893A4E006BB008 /* Base */,
			);
			name = Main.storyboard;
			sourceTree = "<group>";
		};
		4B70683B27893A4F006BB008 /* LaunchScreen.storyboard */ = {
			isa = PBXVariantGroup;
			children = (
				4B70683C27893A4F006BB008 /* Base */,
			);
			name = LaunchScreen.storyboard;
			sourceTree = "<group>";
		};
/* End PBXVariantGroup section */

/* Begin XCBuildConfiguration section */
		4B70683F27893A4F006BB008 /* Debug */ = {
			isa = XCBuildConfiguration;
			buildSettings = {
				ALWAYS_SEARCH_USER_PATHS = NO;
				CLANG_ANALYZER_NONNULL = YES;
				CLANG_ANALYZER_NUMBER_OBJECT_CONVERSION = YES_AGGRESSIVE;
				CLANG_CXX_LANGUAGE_STANDARD = "gnu++17";
				CLANG_CXX_LIBRARY = "libc++";
				CLANG_ENABLE_MODULES = YES;
				CLANG_ENABLE_OBJC_ARC = YES;
				CLANG_ENABLE_OBJC_WEAK = YES;
				CLANG_WARN_BLOCK_CAPTURE_AUTORELEASING = YES;
				CLANG_WARN_BOOL_CONVERSION = YES;
				CLANG_WARN_COMMA = YES;
				CLANG_WARN_CONSTANT_CONVERSION = YES;
				CLANG_WARN_DEPRECATED_OBJC_IMPLEMENTATIONS = YES;
				CLANG_WARN_DIRECT_OBJC_ISA_USAGE = YES_ERROR;
				CLANG_WARN_DOCUMENTATION_COMMENTS = YES;
				CLANG_WARN_EMPTY_BODY = YES;
				CLANG_WARN_ENUM_CONVERSION = YES;
				CLANG_WARN_INFINITE_RECURSION = YES;
				CLANG_WARN_INT_CONVERSION = YES;
				CLANG_WARN_NON_LITERAL_NULL_CONVERSION = YES;
				CLANG_WARN_OBJC_IMPLICIT_RETAIN_SELF = YES;
				CLANG_WARN_OBJC_LITERAL_CONVERSION = YES;
				CLANG_WARN_OBJC_ROOT_CLASS = YES_ERROR;
				CLANG_WARN_QUOTED_INCLUDE_IN_FRAMEWORK_HEADER = YES;
				CLANG_WARN_RANGE_LOOP_ANALYSIS = YES;
				CLANG_WARN_STRICT_PROTOTYPES = YES;
				CLANG_WARN_SUSPICIOUS_MOVE = YES;
				CLANG_WARN_UNGUARDED_AVAILABILITY = YES_AGGRESSIVE;
				CLANG_WARN_UNREACHABLE_CODE = YES;
				CLANG_WARN__DUPLICATE_METHOD_MATCH = YES;
				COPY_PHASE_STRIP = NO;
				DEBUG_INFORMATION_FORMAT = dwarf;
				ENABLE_STRICT_OBJC_MSGSEND = YES;
				ENABLE_TESTABILITY = YES;
				GCC_C_LANGUAGE_STANDARD = gnu11;
				GCC_DYNAMIC_NO_PIC = NO;
				GCC_NO_COMMON_BLOCKS = YES;
				GCC_OPTIMIZATION_LEVEL = 0;
				GCC_PREPROCESSOR_DEFINITIONS = (
					"DEBUG=1",
					"$(inherited)",
				);
				GCC_WARN_64_TO_32_BIT_CONVERSION = YES;
				GCC_WARN_ABOUT_RETURN_TYPE = YES_ERROR;
				GCC_WARN_UNDECLARED_SELECTOR = YES;
				GCC_WARN_UNINITIALIZED_AUTOS = YES_AGGRESSIVE;
				GCC_WARN_UNUSED_FUNCTION = YES;
				GCC_WARN_UNUSED_VARIABLE = YES;
				IPHONEOS_DEPLOYMENT_TARGET = 15.2;
				MTL_ENABLE_DEBUG_INFO = INCLUDE_SOURCE;
				MTL_FAST_MATH = YES;
				ONLY_ACTIVE_ARCH = YES;
				SDKROOT = iphoneos;
				SWIFT_ACTIVE_COMPILATION_CONDITIONS = DEBUG;
				SWIFT_OPTIMIZATION_LEVEL = "-Onone";
			};
			name = Debug;
		};
		4B70684027893A4F006BB008 /* Release */ = {
			isa = XCBuildConfiguration;
			buildSettings = {
				ALWAYS_SEARCH_USER_PATHS = NO;
				CLANG_ANALYZER_NONNULL = YES;
				CLANG_ANALYZER_NUMBER_OBJECT_CONVERSION = YES_AGGRESSIVE;
				CLANG_CXX_LANGUAGE_STANDARD = "gnu++17";
				CLANG_CXX_LIBRARY = "libc++";
				CLANG_ENABLE_MODULES = YES;
				CLANG_ENABLE_OBJC_ARC = YES;
				CLANG_ENABLE_OBJC_WEAK = YES;
				CLANG_WARN_BLOCK_CAPTURE_AUTORELEASING = YES;
				CLANG_WARN_BOOL_CONVERSION = YES;
				CLANG_WARN_COMMA = YES;
				CLANG_WARN_CONSTANT_CONVERSION = YES;
				CLANG_WARN_DEPRECATED_OBJC_IMPLEMENTATIONS = YES;
				CLANG_WARN_DIRECT_OBJC_ISA_USAGE = YES_ERROR;
				CLANG_WARN_DOCUMENTATION_COMMENTS = YES;
				CLANG_WARN_EMPTY_BODY = YES;
				CLANG_WARN_ENUM_CONVERSION = YES;
				CLANG_WARN_INFINITE_RECURSION = YES;
				CLANG_WARN_INT_CONVERSION = YES;
				CLANG_WARN_NON_LITERAL_NULL_CONVERSION = YES;
				CLANG_WARN_OBJC_IMPLICIT_RETAIN_SELF = YES;
				CLANG_WARN_OBJC_LITERAL_CONVERSION = YES;
				CLANG_WARN_OBJC_ROOT_CLASS = YES_ERROR;
				CLANG_WARN_QUOTED_INCLUDE_IN_FRAMEWORK_HEADER = YES;
				CLANG_WARN_RANGE_LOOP_ANALYSIS = YES;
				CLANG_WARN_STRICT_PROTOTYPES = YES;
				CLANG_WARN_SUSPICIOUS_MOVE = YES;
				CLANG_WARN_UNGUARDED_AVAILABILITY = YES_AGGRESSIVE;
				CLANG_WARN_UNREACHABLE_CODE = YES;
				CLANG_WARN__DUPLICATE_METHOD_MATCH = YES;
				COPY_PHASE_STRIP = NO;
				DEBUG_INFORMATION_FORMAT = "dwarf-with-dsym";
				ENABLE_NS_ASSERTIONS = NO;
				ENABLE_STRICT_OBJC_MSGSEND = YES;
				GCC_C_LANGUAGE_STANDARD = gnu11;
				GCC_NO_COMMON_BLOCKS = YES;
				GCC_WARN_64_TO_32_BIT_CONVERSION = YES;
				GCC_WARN_ABOUT_RETURN_TYPE = YES_ERROR;
				GCC_WARN_UNDECLARED_SELECTOR = YES;
				GCC_WARN_UNINITIALIZED_AUTOS = YES_AGGRESSIVE;
				GCC_WARN_UNUSED_FUNCTION = YES;
				GCC_WARN_UNUSED_VARIABLE = YES;
				IPHONEOS_DEPLOYMENT_TARGET = 15.2;
				MTL_ENABLE_DEBUG_INFO = NO;
				MTL_FAST_MATH = YES;
				SDKROOT = iphoneos;
				SWIFT_COMPILATION_MODE = wholemodule;
				SWIFT_OPTIMIZATION_LEVEL = "-O";
				VALIDATE_PRODUCT = YES;
			};
			name = Release;
		};
		4B70684227893A4F006BB008 /* Debug */ = {
			isa = XCBuildConfiguration;
			baseConfigurationReference = 2D992575EAF94027198493CD /* Pods-MarketCurlyB.debug.xcconfig */;
			buildSettings = {
				ASSETCATALOG_COMPILER_APPICON_NAME = AppIcon;
				ASSETCATALOG_COMPILER_GLOBAL_ACCENT_COLOR_NAME = AccentColor;
				CODE_SIGN_STYLE = Automatic;
				CURRENT_PROJECT_VERSION = 1;
				GENERATE_INFOPLIST_FILE = YES;
				INFOPLIST_FILE = MarketCurlyB/Info.plist;
				INFOPLIST_KEY_UIApplicationSupportsIndirectInputEvents = YES;
				INFOPLIST_KEY_UILaunchStoryboardName = LaunchScreen;
				INFOPLIST_KEY_UIMainStoryboardFile = Main;
				INFOPLIST_KEY_UISupportedInterfaceOrientations = UIInterfaceOrientationPortrait;
				INFOPLIST_KEY_UISupportedInterfaceOrientations_iPad = "UIInterfaceOrientationPortrait UIInterfaceOrientationPortraitUpsideDown UIInterfaceOrientationLandscapeLeft UIInterfaceOrientationLandscapeRight";
				INFOPLIST_KEY_UISupportedInterfaceOrientations_iPhone = "UIInterfaceOrientationPortrait UIInterfaceOrientationLandscapeLeft UIInterfaceOrientationLandscapeRight";
				IPHONEOS_DEPLOYMENT_TARGET = 15.2;
				LD_RUNPATH_SEARCH_PATHS = (
					"$(inherited)",
					"@executable_path/Frameworks",
				);
				MARKETING_VERSION = 1.0;
				PRODUCT_BUNDLE_IDENTIFIER = vision.MarketCurlyB;
				PRODUCT_NAME = "$(TARGET_NAME)";
				SWIFT_EMIT_LOC_STRINGS = YES;
				SWIFT_VERSION = 5.0;
				TARGETED_DEVICE_FAMILY = 1;
			};
			name = Debug;
		};
		4B70684327893A4F006BB008 /* Release */ = {
			isa = XCBuildConfiguration;
			baseConfigurationReference = F7CCEFED7EF07DDD74E1E0EB /* Pods-MarketCurlyB.release.xcconfig */;
			buildSettings = {
				ASSETCATALOG_COMPILER_APPICON_NAME = AppIcon;
				ASSETCATALOG_COMPILER_GLOBAL_ACCENT_COLOR_NAME = AccentColor;
				CODE_SIGN_STYLE = Automatic;
				CURRENT_PROJECT_VERSION = 1;
				GENERATE_INFOPLIST_FILE = YES;
				INFOPLIST_FILE = MarketCurlyB/Info.plist;
				INFOPLIST_KEY_UIApplicationSupportsIndirectInputEvents = YES;
				INFOPLIST_KEY_UILaunchStoryboardName = LaunchScreen;
				INFOPLIST_KEY_UIMainStoryboardFile = Main;
				INFOPLIST_KEY_UISupportedInterfaceOrientations = UIInterfaceOrientationPortrait;
				INFOPLIST_KEY_UISupportedInterfaceOrientations_iPad = "UIInterfaceOrientationPortrait UIInterfaceOrientationPortraitUpsideDown UIInterfaceOrientationLandscapeLeft UIInterfaceOrientationLandscapeRight";
				INFOPLIST_KEY_UISupportedInterfaceOrientations_iPhone = "UIInterfaceOrientationPortrait UIInterfaceOrientationLandscapeLeft UIInterfaceOrientationLandscapeRight";
				IPHONEOS_DEPLOYMENT_TARGET = 15.2;
				LD_RUNPATH_SEARCH_PATHS = (
					"$(inherited)",
					"@executable_path/Frameworks",
				);
				MARKETING_VERSION = 1.0;
				PRODUCT_BUNDLE_IDENTIFIER = vision.MarketCurlyB;
				PRODUCT_NAME = "$(TARGET_NAME)";
				SWIFT_EMIT_LOC_STRINGS = YES;
				SWIFT_VERSION = 5.0;
				TARGETED_DEVICE_FAMILY = 1;
			};
			name = Release;
		};
/* End XCBuildConfiguration section */

/* Begin XCConfigurationList section */
		4B70682827893A4E006BB008 /* Build configuration list for PBXProject "MarketCurlyB" */ = {
			isa = XCConfigurationList;
			buildConfigurations = (
				4B70683F27893A4F006BB008 /* Debug */,
				4B70684027893A4F006BB008 /* Release */,
			);
			defaultConfigurationIsVisible = 0;
			defaultConfigurationName = Release;
		};
		4B70684127893A4F006BB008 /* Build configuration list for PBXNativeTarget "MarketCurlyB" */ = {
			isa = XCConfigurationList;
			buildConfigurations = (
				4B70684227893A4F006BB008 /* Debug */,
				4B70684327893A4F006BB008 /* Release */,
			);
			defaultConfigurationIsVisible = 0;
			defaultConfigurationName = Release;
		};
/* End XCConfigurationList section */
	};
	rootObject = 4B70682527893A4E006BB008 /* Project object */;
}
